%{"econfig": {:git, "git://github.com/benoitc/econfig.git", "c8f4616f79ce879ce0de20cd8fd26363f835bfa9", []},
  "gproc": {:git, "git://github.com/esl/gproc.git", "1f12fbf6fd75cb4fa6e7b38f331fe3e1fdd2adf0", [ref: "master"]},
  "meck": {:git, "git://github.com/eproxus/meck.git", "eb479aa20cd430f62b6c043e826f0eb88a029852", []}}
